
Microsoft Visual Studio Solution File, Format Version 12.00
# Visual Studio 15
Project("{FAE04EC0-301F-11D3-BF4B-00C04F79EFBC}") = "Assembly-CSharp", "Assembly-CSharp.csproj", "{45B66E4D-E582-8731-48BC-506346D3AD89}"
EndProject
Global
	GlobalSection(SolutionConfigurationPlatforms) = preSolution
		Debug|Any CPU = Debug|Any CPU
		Release|Any CPU = Release|Any CPU
	EndGlobalSection
	GlobalSection(ProjectConfigurationPlatforms) = postSolution
		{45B66E4D-E582-8731-48BC-506346D3AD89}.Debug|Any CPU.ActiveCfg = Debug|Any CPU
		{45B66E4D-E582-8731-48BC-506346D3AD89}.Debug|Any CPU.Build.0 = Debug|Any CPU
		{45B66E4D-E582-8731-48BC-506346D3AD89}.Release|Any CPU.ActiveCfg = Release|Any CPU
		{45B66E4D-E582-8731-48BC-506346D3AD89}.Release|Any CPU.Build.0 = Release|Any CPU
	EndGlobalSection
	GlobalSection(SolutionProperties) = preSolution
		HideSolutionNode = FALSE
	EndGlobalSection
EndGlobal
